<?xml version="1.0" encoding="utf-8"?>
<Project ToolsVersion="4.0" xmlns="http://schemas.microsoft.com/developer/msbuild/2003">

  <!-- =========================================================
       Filter (virtual folder) definitions
       ========================================================= -->
  <ItemGroup>

    <!-- Plugin bootstrap & entry points -->
    <Filter Include="Plugin Core">
      <UniqueIdentifier>{a1b2c3d4-0001-0001-0001-000000000001}</UniqueIdentifier>
    </Filter>
    <Filter Include="Plugin Core\Config">
      <UniqueIdentifier>{a1b2c3d4-0001-0001-0001-000000000002}</UniqueIdentifier>
    </Filter>
    <Filter Include="Plugin Core\Helpers">
      <UniqueIdentifier>{a1b2c3d4-0001-0001-0001-000000000003}</UniqueIdentifier>
    </Filter>
    <Filter Include="Plugin Core\Signatures">
      <UniqueIdentifier>{a1b2c3d4-0001-0001-0001-000000000007}</UniqueIdentifier>
    </Filter>
    <Filter Include="Plugin Core\Storage">
      <UniqueIdentifier>{a1b2c3d4-0001-0001-0001-000000000005}</UniqueIdentifier>
    </Filter>
    <Filter Include="Plugin Core\Vendor">
      <UniqueIdentifier>{a1b2c3d4-0001-0001-0001-000000000006}</UniqueIdentifier>
    </Filter>

    <!-- Production Viewer UI and data model -->
    <Filter Include="Production Viewer">
      <UniqueIdentifier>{a1b2c3d4-0001-0001-0001-000000000004}</UniqueIdentifier>
    </Filter>

    <!-- Modloader SDK header (read-only, from $(PluginSDKInclude)) -->
    <Filter Include="SDK">
      <UniqueIdentifier>{a1b2c3d4-0002-0002-0002-000000000001}</UniqueIdentifier>
    </Filter>

  </ItemGroup>

  <!-- =========================================================
       Header files
       ========================================================= -->
  <ItemGroup>

    <!-- Plugin Core -->
    <ClInclude Include="Plugin Core\plugin.h">
      <Filter>Plugin Core</Filter>
    </ClInclude>

    <!-- Plugin Core\Config -->
    <ClInclude Include="Plugin Core\Config\plugin_config.h">
      <Filter>Plugin Core\Config</Filter>
    </ClInclude>

    <!-- Plugin Core\Helpers -->
    <ClInclude Include="Plugin Core\Helpers\plugin_helpers.h">
      <Filter>Plugin Core\Helpers</Filter>
    </ClInclude>

    <!-- Plugin Core\Signatures -->
    <ClInclude Include="Plugin Core\Signatures\plugin_signatures.h">
      <Filter>Plugin Core\Signatures</Filter>
    </ClInclude>

    <!-- Plugin Core\Storage -->
    <ClInclude Include="Plugin Core\Storage\production_storage.h">
      <Filter>Plugin Core\Storage</Filter>
    </ClInclude>

    <!-- Plugin Core\Vendor -->
    <ClInclude Include="Plugin Core\Vendor\json.hpp">
      <Filter>Plugin Core\Vendor</Filter>
    </ClInclude>
    <ClInclude Include="Plugin Core\Vendor\json_fwd.hpp">
      <Filter>Plugin Core\Vendor</Filter>
    </ClInclude>

    <!-- Production Viewer -->
    <ClInclude Include="Production Viewer\production_data.h">
      <Filter>Production Viewer</Filter>
    </ClInclude>
    <ClInclude Include="Production Viewer\production_timeseries.h">
      <Filter>Production Viewer</Filter>
    </ClInclude>
    <ClInclude Include="Production Viewer\production_tracker.h">
      <Filter>Production Viewer</Filter>
    </ClInclude>
    <ClInclude Include="Production Viewer\production_icons.h">
      <Filter>Production Viewer</Filter>
    </ClInclude>
    <ClInclude Include="Production Viewer\production_mass.h">
      <Filter>Production Viewer</Filter>
    </ClInclude>
    <ClInclude Include="Production Viewer\production_ui.h">
      <Filter>Production Viewer</Filter>
    </ClInclude>

    <!-- SDK (header resolved via $(PluginSDKInclude) in Shared.props) -->
    <ClInclude Include="$(PluginSDKInclude)\plugin_interface.h">
      <Filter>SDK</Filter>
    </ClInclude>

  </ItemGroup>

  <!-- =========================================================
       Source files
       ========================================================= -->
  <ItemGroup>

    <!-- Plugin Core -->
    <ClCompile Include="Plugin Core\dllmain.cpp">
      <Filter>Plugin Core</Filter>
    </ClCompile>
    <ClCompile Include="Plugin Core\plugin.cpp">
      <Filter>Plugin Core</Filter>
    </ClCompile>

    <!-- Plugin Core\Config -->
    <ClCompile Include="Plugin Core\Config\plugin_config.cpp">
      <Filter>Plugin Core\Config</Filter>
    </ClCompile>

    <!-- Plugin Core\Storage -->
    <ClCompile Include="Plugin Core\Storage\production_storage.cpp">
      <Filter>Plugin Core\Storage</Filter>
    </ClCompile>

    <!-- Production Viewer -->
    <ClCompile Include="Production Viewer\production_timeseries.cpp">
      <Filter>Production Viewer</Filter>
    </ClCompile>
    <ClCompile Include="Production Viewer\production_tracker.cpp">
      <Filter>Production Viewer</Filter>
    </ClCompile>
    <ClCompile Include="Production Viewer\production_icons.cpp">
      <Filter>Production Viewer</Filter>
    </ClCompile>
    <ClCompile Include="Production Viewer\production_mass.cpp">
      <Filter>Production Viewer</Filter>
    </ClCompile>
    <ClCompile Include="Production Viewer\production_ui.cpp">
      <Filter>Production Viewer</Filter>
    </ClCompile>

    <!-- SDK source files (hidden, auto-included via props) -->
    <ClCompile Include="$(StarRuptureSDKSourceDir)Basic.cpp">
      <Filter>SDK</Filter>
    </ClCompile>
    <ClCompile Include="$(StarRuptureSDKSourceDir)CoreUObject_functions.cpp">
      <Filter>SDK</Filter>
    </ClCompile>
    <ClCompile Include="$(StarRuptureSDKSourceDir)Engine_functions.cpp">
      <Filter>SDK</Filter>
    </ClCompile>
    <ClCompile Include="$(StarRuptureSDKSourceDir)AuCrafting_functions.cpp">
      <Filter>SDK</Filter>
    </ClCompile>

  </ItemGroup>

  <!-- =========================================================
       Module definition
       ========================================================= -->
  <ItemGroup>
    <None Include="Plugin Core\ProductionViewer.def">
      <Filter>Plugin Core</Filter>
    </None>
  </ItemGroup>

</Project>
