<?xml version="1.0" encoding="utf-8"?>
<Project ToolsVersion="4.0" xmlns="http://schemas.microsoft.com/developer/msbuild/2003">

  <!-- =========================================================
       Filter (virtual folder) definitions
       ========================================================= -->
  <ItemGroup>

    <!-- Plugin bootstrap & entry points -->
    <Filter Include="Plugin Core">
      <UniqueIdentifier>{a1b2c3d4-0001-0001-0001-000000000001}</UniqueIdentifier>
    </Filter>
    <Filter Include="Plugin Core\Config">
      <UniqueIdentifier>{a1b2c3d4-0001-0001-0001-000000000002}</UniqueIdentifier>
    </Filter>
    <Filter Include="Plugin Core\Helpers">
      <UniqueIdentifier>{a1b2c3d4-0001-0001-0001-000000000003}</UniqueIdentifier>
    </Filter>

    <!-- Production Viewer UI and data model -->
    <Filter Include="Production Viewer">
      <UniqueIdentifier>{a1b2c3d4-0001-0001-0001-000000000004}</UniqueIdentifier>
    </Filter>

    <!-- Modloader SDK header (read-only, from $(PluginSDKInclude)) -->
    <Filter Include="SDK">
      <UniqueIdentifier>{a1b2c3d4-0002-0002-0002-000000000001}</UniqueIdentifier>
    </Filter>

  </ItemGroup>

  <!-- =========================================================
       Header files
       ========================================================= -->
  <ItemGroup>

    <!-- Plugin Core -->
    <ClInclude Include="plugin.h">
      <Filter>Plugin Core</Filter>
    </ClInclude>

    <!-- Plugin Core\Config -->
    <ClInclude Include="plugin_config.h">
      <Filter>Plugin Core\Config</Filter>
    </ClInclude>

    <!-- Plugin Core\Helpers -->
    <ClInclude Include="plugin_helpers.h">
      <Filter>Plugin Core\Helpers</Filter>
    </ClInclude>

    <!-- Production Viewer -->
    <ClInclude Include="production_data.h">
      <Filter>Production Viewer</Filter>
    </ClInclude>
    <ClInclude Include="production_ui.h">
      <Filter>Production Viewer</Filter>
    </ClInclude>

    <!-- SDK (header resolved via $(PluginSDKInclude) in Shared.props) -->
    <ClInclude Include="$(PluginSDKInclude)\plugin_interface.h">
      <Filter>SDK</Filter>
    </ClInclude>

  </ItemGroup>

  <!-- =========================================================
       Source files
       ========================================================= -->
  <ItemGroup>

    <!-- Plugin Core -->
    <ClCompile Include="dllmain.cpp">
      <Filter>Plugin Core</Filter>
    </ClCompile>
    <ClCompile Include="plugin.cpp">
      <Filter>Plugin Core</Filter>
    </ClCompile>

    <!-- Plugin Core\Config -->
    <ClCompile Include="plugin_config.cpp">
      <Filter>Plugin Core\Config</Filter>
    </ClCompile>

    <!-- Production Viewer -->
    <ClCompile Include="production_data.cpp">
      <Filter>Production Viewer</Filter>
    </ClCompile>
    <ClCompile Include="production_ui.cpp">
      <Filter>Production Viewer</Filter>
    </ClCompile>

    <!-- SDK source files (hidden, auto-included via props) -->
    <ClCompile Include="$(StarRuptureSDKSourceDir)Basic.cpp">
      <Filter>SDK</Filter>
    </ClCompile>
    <ClCompile Include="$(StarRuptureSDKSourceDir)CoreUObject_functions.cpp">
      <Filter>SDK</Filter>
    </ClCompile>
    <ClCompile Include="$(StarRuptureSDKSourceDir)Engine_functions.cpp">
      <Filter>SDK</Filter>
    </ClCompile>

  </ItemGroup>

  <!-- =========================================================
       Module definition
       ========================================================= -->
  <ItemGroup>
    <None Include="ProductionViewer.def">
      <Filter>Plugin Core</Filter>
    </None>
  </ItemGroup>

</Project>
